
Microsoft Visual Studio Solution File, Format Version 12.00
# Visual Studio Version 17
VisualStudioVersion = 17.6.33829.357
MinimumVisualStudioVersion = 10.0.40219.1
Project("{FAE04EC0-301F-11D3-BF4B-00C04F79EFBC}") = "GC_Deliverable1_LActon", "GC_Deliverable1_LActon\GC_Deliverable1_LActon.csproj", "{728017D2-F8F7-4053-85FC-E80DEB4E99DC}"
EndProject
Global
	GlobalSection(SolutionConfigurationPlatforms) = preSolution
		Debug|Any CPU = Debug|Any CPU
		Release|Any CPU = Release|Any CPU
	EndGlobalSection
	GlobalSection(ProjectConfigurationPlatforms) = postSolution
		{728017D2-F8F7-4053-85FC-E80DEB4E99DC}.Debug|Any CPU.ActiveCfg = Debug|Any CPU
		{728017D2-F8F7-4053-85FC-E80DEB4E99DC}.Debug|Any CPU.Build.0 = Debug|Any CPU
		{728017D2-F8F7-4053-85FC-E80DEB4E99DC}.Release|Any CPU.ActiveCfg = Release|Any CPU
		{728017D2-F8F7-4053-85FC-E80DEB4E99DC}.Release|Any CPU.Build.0 = Release|Any CPU
	EndGlobalSection
	GlobalSection(SolutionProperties) = preSolution
		HideSolutionNode = FALSE
	EndGlobalSection
	GlobalSection(ExtensibilityGlobals) = postSolution
		SolutionGuid = {A8BD984B-4F9D-4695-A79C-30E007AABC86}
	EndGlobalSection
EndGlobal
